
Microsoft Visual Studio Solution File, Format Version 12.00
# Visual Studio 15
VisualStudioVersion = 15.0.26730.12
MinimumVisualStudioVersion = 10.0.40219.1
Project("{FAE04EC0-301F-11D3-BF4B-00C04F79EFBC}") = "WebAPIDemo", "WebAPIDemo\WebAPIDemo.csproj", "{B6C0DF86-D38F-4E36-9701-8AE03C35F394}"
EndProject
Project("{FAE04EC0-301F-11D3-BF4B-00C04F79EFBC}") = "EmployeeDataAccess", "EmployeeDataAccess\EmployeeDataAccess.csproj", "{D28365CB-B00D-4FFE-B539-469A5EB71E97}"
EndProject
Global
	GlobalSection(SolutionConfigurationPlatforms) = preSolution
		Debug|Any CPU = Debug|Any CPU
		Release|Any CPU = Release|Any CPU
	EndGlobalSection
	GlobalSection(ProjectConfigurationPlatforms) = postSolution
		{B6C0DF86-D38F-4E36-9701-8AE03C35F394}.Debug|Any CPU.ActiveCfg = Debug|Any CPU
		{B6C0DF86-D38F-4E36-9701-8AE03C35F394}.Debug|Any CPU.Build.0 = Debug|Any CPU
		{B6C0DF86-D38F-4E36-9701-8AE03C35F394}.Release|Any CPU.ActiveCfg = Release|Any CPU
		{B6C0DF86-D38F-4E36-9701-8AE03C35F394}.Release|Any CPU.Build.0 = Release|Any CPU
		{D28365CB-B00D-4FFE-B539-469A5EB71E97}.Debug|Any CPU.ActiveCfg = Debug|Any CPU
		{D28365CB-B00D-4FFE-B539-469A5EB71E97}.Debug|Any CPU.Build.0 = Debug|Any CPU
		{D28365CB-B00D-4FFE-B539-469A5EB71E97}.Release|Any CPU.ActiveCfg = Release|Any CPU
		{D28365CB-B00D-4FFE-B539-469A5EB71E97}.Release|Any CPU.Build.0 = Release|Any CPU
	EndGlobalSection
	GlobalSection(SolutionProperties) = preSolution
		HideSolutionNode = FALSE
	EndGlobalSection
	GlobalSection(ExtensibilityGlobals) = postSolution
		SolutionGuid = {F1C2107F-A75E-43B5-99A4-D0D67CEB8093}
	EndGlobalSection
EndGlobal
